
Microsoft Visual Studio Solution File, Format Version 12.00
Project("{FAE04EC0-301F-11D3-BF4B-00C04F79EFBC}") = "FriendMaker", "FriendMaker\FriendMaker.csproj", "{0E0C4F3D-535D-4E0B-B533-86C87D53A2DE}"
EndProject
Global
	GlobalSection(SolutionConfigurationPlatforms) = preSolution
		Debug|Any CPU = Debug|Any CPU
		Release|Any CPU = Release|Any CPU
	EndGlobalSection
	GlobalSection(ProjectConfigurationPlatforms) = postSolution
		{0E0C4F3D-535D-4E0B-B533-86C87D53A2DE}.Debug|Any CPU.ActiveCfg = Debug|Any CPU
		{0E0C4F3D-535D-4E0B-B533-86C87D53A2DE}.Debug|Any CPU.Build.0 = Debug|Any CPU
		{0E0C4F3D-535D-4E0B-B533-86C87D53A2DE}.Release|Any CPU.ActiveCfg = Release|Any CPU
		{0E0C4F3D-535D-4E0B-B533-86C87D53A2DE}.Release|Any CPU.Build.0 = Release|Any CPU
	EndGlobalSection
EndGlobal
