
Microsoft Visual Studio Solution File, Format Version 12.00
# Visual Studio Version 17
VisualStudioVersion = 17.5.002.0
MinimumVisualStudioVersion = 10.0.40219.1
Project("{9A19103F-16F7-4668-BE54-9A1E7A4F7556}") = "API", "API.csproj", "{C87BFC82-DB5C-4267-8CB3-C47C9131296C}"
EndProject
Global
	GlobalSection(SolutionConfigurationPlatforms) = preSolution
		Debug|Any CPU = Debug|Any CPU
		Release|Any CPU = Release|Any CPU
	EndGlobalSection
	GlobalSection(ProjectConfigurationPlatforms) = postSolution
		{C87BFC82-DB5C-4267-8CB3-C47C9131296C}.Debug|Any CPU.ActiveCfg = Debug|Any CPU
		{C87BFC82-DB5C-4267-8CB3-C47C9131296C}.Debug|Any CPU.Build.0 = Debug|Any CPU
		{C87BFC82-DB5C-4267-8CB3-C47C9131296C}.Release|Any CPU.ActiveCfg = Release|Any CPU
		{C87BFC82-DB5C-4267-8CB3-C47C9131296C}.Release|Any CPU.Build.0 = Release|Any CPU
	EndGlobalSection
	GlobalSection(SolutionProperties) = preSolution
		HideSolutionNode = FALSE
	EndGlobalSection
	GlobalSection(ExtensibilityGlobals) = postSolution
		SolutionGuid = {79E92C64-A6AD-4CD5-8EEA-04F047710CF3}
	EndGlobalSection
EndGlobal
